github.com/pattyshack/gt v0.0.0-20241020193912-3eb07d4c0bfe h1:jd0Hy9u17+etISIN3rqeZZQzHsTQreQ1IwI1PjdIx9Q=
github.com/pattyshack/gt v0.0.0-20241020193912-3eb07d4c0bfe/go.mod h1:Gypv/PFXKmu4auYDN2OHH1LiW/l3zUeYK/kGpJGZQqg=
github.com/pattyshack/gt v0.0.0-20241114012507-3788a084eb99 h1:pruwBHIkCdDfxKyBk+vseNNzwdjiKRO1lsYZ7ExVl5M=
github.com/pattyshack/gt v0.0.0-20241114012507-3788a084eb99/go.mod h1:Gypv/PFXKmu4auYDN2OHH1LiW/l3zUeYK/kGpJGZQqg=
github.com/pattyshack/gt v0.0.0-20241114084525-b118f172822b h1:s2uBFESRQubprkvkQHSaqonwCFCmxyn0N01WOYYzZrw=
github.com/pattyshack/gt v0.0.0-20241114084525-b118f172822b/go.mod h1:Gypv/PFXKmu4auYDN2OHH1LiW/l3zUeYK/kGpJGZQqg=
github.com/pattyshack/gt v0.0.0-20241115192835-2af1247ffd89 h1:ofPqO/xuSfbMpe1jdnBPO5wIpdjMKD/Vz+Mrya4iApk=
github.com/pattyshack/gt v0.0.0-20241115192835-2af1247ffd89/go.mod h1:Gypv/PFXKmu4auYDN2OHH1LiW/l3zUeYK/kGpJGZQqg=
github.com/pattyshack/gt v0.0.0-20241116195241-c91055f03ae8 h1:t34o5d3OGkI7+hh/EBaZ5io2keaAd1ivQqT4pvxC6kg=
github.com/pattyshack/gt v0.0.0-20241116195241-c91055f03ae8/go.mod h1:Gypv/PFXKmu4auYDN2OHH1LiW/l3zUeYK/kGpJGZQqg=
github.com/pattyshack/gt v0.0.0-20241117012022-59a08073011b h1:bCE0ALRlYHo1wYl3ZCjKLNv1QwcrFX+drvFoXAHqt0Y=
github.com/pattyshack/gt v0.0.0-20241117012022-59a08073011b/go.mod h1:Gypv/PFXKmu4auYDN2OHH1LiW/l3zUeYK/kGpJGZQqg=
github.com/pattyshack/gt v0.0.0-20241117065646-43e03bc10ade h1:FPi7UzbYRDPRigKK/6jJLeu2DhoUTbaZfC/6swxod6k=
github.com/pattyshack/gt v0.0.0-20241117065646-43e03bc10ade/go.mod h1:Gypv/PFXKmu4auYDN2OHH1LiW/l3zUeYK/kGpJGZQqg=
github.com/pattyshack/gt v0.0.0-20241117091715-c78be6f3c514 h1:zKzry3yAt6WPWbDLqj2m2Npr5w1WBCM4PR/ZWSUPbZQ=
github.com/pattyshack/gt v0.0.0-20241117091715-c78be6f3c514/go.mod h1:Gypv/PFXKmu4auYDN2OHH1LiW/l3zUeYK/kGpJGZQqg=
github.com/pattyshack/gt v0.0.0-20241119093547-2c893cfca5d5 h1:d4jxgeGfwYjnv0vp0HnrLdxHwT5oZWOcxZ1rITcVpVg=
github.com/pattyshack/gt v0.0.0-20241119093547-2c893cfca5d5/go.mod h1:Gypv/PFXKmu4auYDN2OHH1LiW/l3zUeYK/kGpJGZQqg=
github.com/pattyshack/gt v0.0.0-20241120100249-ff9009844495 h1:dKdvs97kXzWSL8cF/0+fyKsq3Oea9lt9wPsScMZDhsw=
github.com/pattyshack/gt v0.0.0-20241120100249-ff9009844495/go.mod h1:Gypv/PFXKmu4auYDN2OHH1LiW/l3zUeYK/kGpJGZQqg=
gopkg.in/check.v1 v0.0.0-20161208181325-20d25e280405/go.mod h1:Co6ibVJAznAaIkqp8huTwlJQCZ016jof/cbN4VW5Yz0=
gopkg.in/yaml.v3 v3.0.1 h1:fxVm/GzAzEWqLHuvctI91KS9hhNmmWOoWu0XTYJS7CA=
gopkg.in/yaml.v3 v3.0.1/go.mod h1:K4uyk7z7BCEPqu6E+C64Yfv1cQ7kz7rIZviUmN+EgEM=
